
Microsoft Visual Studio Solution File, Format Version 12.00
# Visual Studio Version 17
VisualStudioVersion = 17.0.31903.59
MinimumVisualStudioVersion = 10.0.40219.1
Project("{FAE04EC0-301F-11D3-BF4B-00C04F79EFBC}") = "Strawberry", "Strawberry\Strawberry.csproj", "{789A0B29-83F1-464A-B674-6739EFDF92E6}"
EndProject
Project("{FAE04EC0-301F-11D3-BF4B-00C04F79EFBC}") = "Strawberry.Common", "Strawberry.Common\Strawberry.Common.csproj", "{E7B316CF-DB68-437B-8DAA-08FFD6C846A6}"
EndProject
Project("{FAE04EC0-301F-11D3-BF4B-00C04F79EFBC}") = "Strawberry.Physics", "Strawberry.Physics\Strawberry.Physics.csproj", "{029C0187-ED54-4597-811B-98E2DCE98766}"
EndProject
Project("{FAE04EC0-301F-11D3-BF4B-00C04F79EFBC}") = "Strawberry.Desktop", "Strawberry.Desktop\Strawberry.Desktop.csproj", "{6EA61883-C39F-4E0B-B1C0-DD8035AE850B}"
EndProject
Project("{FAE04EC0-301F-11D3-BF4B-00C04F79EFBC}") = "Strawberry.Test", "Strawberry.Test\Strawberry.Test.csproj", "{F0BCB1E0-4B54-443A-9E2E-2BD531710290}"
EndProject
Project("{FAE04EC0-301F-11D3-BF4B-00C04F79EFBC}") = "Strawberry.Android", "Strawberry.Android\Strawberry.Android.csproj", "{40E86411-4FF3-45CD-A18B-E4B8F1EBE51E}"
EndProject
Project("{FAE04EC0-301F-11D3-BF4B-00C04F79EFBC}") = "Strawberry.Android.Test", "Strawberry.Android.Test\Strawberry.Android.Test.csproj", "{813CB2E1-6C3C-44AB-A698-E093F3F5EEEE}"
EndProject
Project("{FAE04EC0-301F-11D3-BF4B-00C04F79EFBC}") = "Strawberry.Desktop.Test", "Strawberry.Desktop.Test\Strawberry.Desktop.Test.csproj", "{BF86C599-E679-4075-8EC2-7CAB92E42D6E}"
EndProject
Project("{FAE04EC0-301F-11D3-BF4B-00C04F79EFBC}") = "Strawberry.OpenAL", "Strawberry.OpenAL\Strawberry.OpenAL.csproj", "{BFC25F6E-D5B5-455D-A9AA-B8A2A8FE1FE9}"
EndProject
Project("{FAE04EC0-301F-11D3-BF4B-00C04F79EFBC}") = "Strawberry.Web", "Strawberry.Web\Strawberry.Web.csproj", "{E5E96B5B-07AE-47F7-99E1-2302A4FD1898}"
EndProject
Project("{FAE04EC0-301F-11D3-BF4B-00C04F79EFBC}") = "Strawberry.Web.Test", "Strawberry.Web.Test\Strawberry.Web.Test.csproj", "{57B28981-C60D-4EE7-ADA6-10B64DFF21D7}"
EndProject
Project("{FAE04EC0-301F-11D3-BF4B-00C04F79EFBC}") = "Strawberry.Sound.Midi", "Strawberry.Sound.Midi\Strawberry.Sound.Midi.csproj", "{E13849E0-42FB-4549-86C1-02838DAD7F5A}"
EndProject
Global
	GlobalSection(SolutionConfigurationPlatforms) = preSolution
		Debug|Any CPU = Debug|Any CPU
		Debug|x64 = Debug|x64
		Debug|x86 = Debug|x86
		Release|Any CPU = Release|Any CPU
		Release|x64 = Release|x64
		Release|x86 = Release|x86
	EndGlobalSection
	GlobalSection(ProjectConfigurationPlatforms) = postSolution
		{789A0B29-83F1-464A-B674-6739EFDF92E6}.Debug|Any CPU.ActiveCfg = Debug|Any CPU
		{789A0B29-83F1-464A-B674-6739EFDF92E6}.Debug|Any CPU.Build.0 = Debug|Any CPU
		{789A0B29-83F1-464A-B674-6739EFDF92E6}.Debug|x64.ActiveCfg = Debug|Any CPU
		{789A0B29-83F1-464A-B674-6739EFDF92E6}.Debug|x64.Build.0 = Debug|Any CPU
		{789A0B29-83F1-464A-B674-6739EFDF92E6}.Debug|x86.ActiveCfg = Debug|Any CPU
		{789A0B29-83F1-464A-B674-6739EFDF92E6}.Debug|x86.Build.0 = Debug|Any CPU
		{789A0B29-83F1-464A-B674-6739EFDF92E6}.Release|Any CPU.ActiveCfg = Release|Any CPU
		{789A0B29-83F1-464A-B674-6739EFDF92E6}.Release|Any CPU.Build.0 = Release|Any CPU
		{789A0B29-83F1-464A-B674-6739EFDF92E6}.Release|x64.ActiveCfg = Release|Any CPU
		{789A0B29-83F1-464A-B674-6739EFDF92E6}.Release|x64.Build.0 = Release|Any CPU
		{789A0B29-83F1-464A-B674-6739EFDF92E6}.Release|x86.ActiveCfg = Release|Any CPU
		{789A0B29-83F1-464A-B674-6739EFDF92E6}.Release|x86.Build.0 = Release|Any CPU
		{E7B316CF-DB68-437B-8DAA-08FFD6C846A6}.Debug|Any CPU.ActiveCfg = Debug|Any CPU
		{E7B316CF-DB68-437B-8DAA-08FFD6C846A6}.Debug|Any CPU.Build.0 = Debug|Any CPU
		{E7B316CF-DB68-437B-8DAA-08FFD6C846A6}.Debug|x64.ActiveCfg = Debug|Any CPU
		{E7B316CF-DB68-437B-8DAA-08FFD6C846A6}.Debug|x64.Build.0 = Debug|Any CPU
		{E7B316CF-DB68-437B-8DAA-08FFD6C846A6}.Debug|x86.ActiveCfg = Debug|Any CPU
		{E7B316CF-DB68-437B-8DAA-08FFD6C846A6}.Debug|x86.Build.0 = Debug|Any CPU
		{E7B316CF-DB68-437B-8DAA-08FFD6C846A6}.Release|Any CPU.ActiveCfg = Release|Any CPU
		{E7B316CF-DB68-437B-8DAA-08FFD6C846A6}.Release|Any CPU.Build.0 = Release|Any CPU
		{E7B316CF-DB68-437B-8DAA-08FFD6C846A6}.Release|x64.ActiveCfg = Release|Any CPU
		{E7B316CF-DB68-437B-8DAA-08FFD6C846A6}.Release|x64.Build.0 = Release|Any CPU
		{E7B316CF-DB68-437B-8DAA-08FFD6C846A6}.Release|x86.ActiveCfg = Release|Any CPU
		{E7B316CF-DB68-437B-8DAA-08FFD6C846A6}.Release|x86.Build.0 = Release|Any CPU
		{029C0187-ED54-4597-811B-98E2DCE98766}.Debug|Any CPU.ActiveCfg = Debug|Any CPU
		{029C0187-ED54-4597-811B-98E2DCE98766}.Debug|Any CPU.Build.0 = Debug|Any CPU
		{029C0187-ED54-4597-811B-98E2DCE98766}.Debug|x64.ActiveCfg = Debug|Any CPU
		{029C0187-ED54-4597-811B-98E2DCE98766}.Debug|x64.Build.0 = Debug|Any CPU
		{029C0187-ED54-4597-811B-98E2DCE98766}.Debug|x86.ActiveCfg = Debug|Any CPU
		{029C0187-ED54-4597-811B-98E2DCE98766}.Debug|x86.Build.0 = Debug|Any CPU
		{029C0187-ED54-4597-811B-98E2DCE98766}.Release|Any CPU.ActiveCfg = Release|Any CPU
		{029C0187-ED54-4597-811B-98E2DCE98766}.Release|Any CPU.Build.0 = Release|Any CPU
		{029C0187-ED54-4597-811B-98E2DCE98766}.Release|x64.ActiveCfg = Release|Any CPU
		{029C0187-ED54-4597-811B-98E2DCE98766}.Release|x64.Build.0 = Release|Any CPU
		{029C0187-ED54-4597-811B-98E2DCE98766}.Release|x86.ActiveCfg = Release|Any CPU
		{029C0187-ED54-4597-811B-98E2DCE98766}.Release|x86.Build.0 = Release|Any CPU
		{6EA61883-C39F-4E0B-B1C0-DD8035AE850B}.Debug|Any CPU.ActiveCfg = Debug|Any CPU
		{6EA61883-C39F-4E0B-B1C0-DD8035AE850B}.Debug|Any CPU.Build.0 = Debug|Any CPU
		{6EA61883-C39F-4E0B-B1C0-DD8035AE850B}.Debug|x64.ActiveCfg = Debug|Any CPU
		{6EA61883-C39F-4E0B-B1C0-DD8035AE850B}.Debug|x64.Build.0 = Debug|Any CPU
		{6EA61883-C39F-4E0B-B1C0-DD8035AE850B}.Debug|x86.ActiveCfg = Debug|Any CPU
		{6EA61883-C39F-4E0B-B1C0-DD8035AE850B}.Debug|x86.Build.0 = Debug|Any CPU
		{6EA61883-C39F-4E0B-B1C0-DD8035AE850B}.Release|Any CPU.ActiveCfg = Release|Any CPU
		{6EA61883-C39F-4E0B-B1C0-DD8035AE850B}.Release|Any CPU.Build.0 = Release|Any CPU
		{6EA61883-C39F-4E0B-B1C0-DD8035AE850B}.Release|x64.ActiveCfg = Release|Any CPU
		{6EA61883-C39F-4E0B-B1C0-DD8035AE850B}.Release|x64.Build.0 = Release|Any CPU
		{6EA61883-C39F-4E0B-B1C0-DD8035AE850B}.Release|x86.ActiveCfg = Release|Any CPU
		{6EA61883-C39F-4E0B-B1C0-DD8035AE850B}.Release|x86.Build.0 = Release|Any CPU
		{F0BCB1E0-4B54-443A-9E2E-2BD531710290}.Debug|Any CPU.ActiveCfg = Debug|Any CPU
		{F0BCB1E0-4B54-443A-9E2E-2BD531710290}.Debug|Any CPU.Build.0 = Debug|Any CPU
		{F0BCB1E0-4B54-443A-9E2E-2BD531710290}.Debug|x64.ActiveCfg = Debug|Any CPU
		{F0BCB1E0-4B54-443A-9E2E-2BD531710290}.Debug|x64.Build.0 = Debug|Any CPU
		{F0BCB1E0-4B54-443A-9E2E-2BD531710290}.Debug|x86.ActiveCfg = Debug|Any CPU
		{F0BCB1E0-4B54-443A-9E2E-2BD531710290}.Debug|x86.Build.0 = Debug|Any CPU
		{F0BCB1E0-4B54-443A-9E2E-2BD531710290}.Release|Any CPU.ActiveCfg = Release|Any CPU
		{F0BCB1E0-4B54-443A-9E2E-2BD531710290}.Release|Any CPU.Build.0 = Release|Any CPU
		{F0BCB1E0-4B54-443A-9E2E-2BD531710290}.Release|x64.ActiveCfg = Release|Any CPU
		{F0BCB1E0-4B54-443A-9E2E-2BD531710290}.Release|x64.Build.0 = Release|Any CPU
		{F0BCB1E0-4B54-443A-9E2E-2BD531710290}.Release|x86.ActiveCfg = Release|Any CPU
		{F0BCB1E0-4B54-443A-9E2E-2BD531710290}.Release|x86.Build.0 = Release|Any CPU
		{40E86411-4FF3-45CD-A18B-E4B8F1EBE51E}.Debug|Any CPU.ActiveCfg = Debug|Any CPU
		{40E86411-4FF3-45CD-A18B-E4B8F1EBE51E}.Debug|Any CPU.Build.0 = Debug|Any CPU
		{40E86411-4FF3-45CD-A18B-E4B8F1EBE51E}.Debug|x64.ActiveCfg = Debug|Any CPU
		{40E86411-4FF3-45CD-A18B-E4B8F1EBE51E}.Debug|x64.Build.0 = Debug|Any CPU
		{40E86411-4FF3-45CD-A18B-E4B8F1EBE51E}.Debug|x86.ActiveCfg = Debug|Any CPU
		{40E86411-4FF3-45CD-A18B-E4B8F1EBE51E}.Debug|x86.Build.0 = Debug|Any CPU
		{40E86411-4FF3-45CD-A18B-E4B8F1EBE51E}.Release|Any CPU.ActiveCfg = Release|Any CPU
		{40E86411-4FF3-45CD-A18B-E4B8F1EBE51E}.Release|Any CPU.Build.0 = Release|Any CPU
		{40E86411-4FF3-45CD-A18B-E4B8F1EBE51E}.Release|x64.ActiveCfg = Release|Any CPU
		{40E86411-4FF3-45CD-A18B-E4B8F1EBE51E}.Release|x64.Build.0 = Release|Any CPU
		{40E86411-4FF3-45CD-A18B-E4B8F1EBE51E}.Release|x86.ActiveCfg = Release|Any CPU
		{40E86411-4FF3-45CD-A18B-E4B8F1EBE51E}.Release|x86.Build.0 = Release|Any CPU
		{813CB2E1-6C3C-44AB-A698-E093F3F5EEEE}.Debug|Any CPU.ActiveCfg = Debug|Any CPU
		{813CB2E1-6C3C-44AB-A698-E093F3F5EEEE}.Debug|Any CPU.Build.0 = Debug|Any CPU
		{813CB2E1-6C3C-44AB-A698-E093F3F5EEEE}.Debug|x64.ActiveCfg = Debug|Any CPU
		{813CB2E1-6C3C-44AB-A698-E093F3F5EEEE}.Debug|x64.Build.0 = Debug|Any CPU
		{813CB2E1-6C3C-44AB-A698-E093F3F5EEEE}.Debug|x86.ActiveCfg = Debug|Any CPU
		{813CB2E1-6C3C-44AB-A698-E093F3F5EEEE}.Debug|x86.Build.0 = Debug|Any CPU
		{813CB2E1-6C3C-44AB-A698-E093F3F5EEEE}.Release|Any CPU.ActiveCfg = Release|Any CPU
		{813CB2E1-6C3C-44AB-A698-E093F3F5EEEE}.Release|Any CPU.Build.0 = Release|Any CPU
		{813CB2E1-6C3C-44AB-A698-E093F3F5EEEE}.Release|x64.ActiveCfg = Release|Any CPU
		{813CB2E1-6C3C-44AB-A698-E093F3F5EEEE}.Release|x64.Build.0 = Release|Any CPU
		{813CB2E1-6C3C-44AB-A698-E093F3F5EEEE}.Release|x86.ActiveCfg = Release|Any CPU
		{813CB2E1-6C3C-44AB-A698-E093F3F5EEEE}.Release|x86.Build.0 = Release|Any CPU
		{BF86C599-E679-4075-8EC2-7CAB92E42D6E}.Debug|Any CPU.ActiveCfg = Debug|Any CPU
		{BF86C599-E679-4075-8EC2-7CAB92E42D6E}.Debug|Any CPU.Build.0 = Debug|Any CPU
		{BF86C599-E679-4075-8EC2-7CAB92E42D6E}.Debug|x64.ActiveCfg = Debug|Any CPU
		{BF86C599-E679-4075-8EC2-7CAB92E42D6E}.Debug|x64.Build.0 = Debug|Any CPU
		{BF86C599-E679-4075-8EC2-7CAB92E42D6E}.Debug|x86.ActiveCfg = Debug|Any CPU
		{BF86C599-E679-4075-8EC2-7CAB92E42D6E}.Debug|x86.Build.0 = Debug|Any CPU
		{BF86C599-E679-4075-8EC2-7CAB92E42D6E}.Release|Any CPU.ActiveCfg = Release|Any CPU
		{BF86C599-E679-4075-8EC2-7CAB92E42D6E}.Release|Any CPU.Build.0 = Release|Any CPU
		{BF86C599-E679-4075-8EC2-7CAB92E42D6E}.Release|x64.ActiveCfg = Release|Any CPU
		{BF86C599-E679-4075-8EC2-7CAB92E42D6E}.Release|x64.Build.0 = Release|Any CPU
		{BF86C599-E679-4075-8EC2-7CAB92E42D6E}.Release|x86.ActiveCfg = Release|Any CPU
		{BF86C599-E679-4075-8EC2-7CAB92E42D6E}.Release|x86.Build.0 = Release|Any CPU
		{BFC25F6E-D5B5-455D-A9AA-B8A2A8FE1FE9}.Debug|Any CPU.ActiveCfg = Debug|Any CPU
		{BFC25F6E-D5B5-455D-A9AA-B8A2A8FE1FE9}.Debug|Any CPU.Build.0 = Debug|Any CPU
		{BFC25F6E-D5B5-455D-A9AA-B8A2A8FE1FE9}.Debug|x64.ActiveCfg = Debug|Any CPU
		{BFC25F6E-D5B5-455D-A9AA-B8A2A8FE1FE9}.Debug|x64.Build.0 = Debug|Any CPU
		{BFC25F6E-D5B5-455D-A9AA-B8A2A8FE1FE9}.Debug|x86.ActiveCfg = Debug|Any CPU
		{BFC25F6E-D5B5-455D-A9AA-B8A2A8FE1FE9}.Debug|x86.Build.0 = Debug|Any CPU
		{BFC25F6E-D5B5-455D-A9AA-B8A2A8FE1FE9}.Release|Any CPU.ActiveCfg = Release|Any CPU
		{BFC25F6E-D5B5-455D-A9AA-B8A2A8FE1FE9}.Release|Any CPU.Build.0 = Release|Any CPU
		{BFC25F6E-D5B5-455D-A9AA-B8A2A8FE1FE9}.Release|x64.ActiveCfg = Release|Any CPU
		{BFC25F6E-D5B5-455D-A9AA-B8A2A8FE1FE9}.Release|x64.Build.0 = Release|Any CPU
		{BFC25F6E-D5B5-455D-A9AA-B8A2A8FE1FE9}.Release|x86.ActiveCfg = Release|Any CPU
		{BFC25F6E-D5B5-455D-A9AA-B8A2A8FE1FE9}.Release|x86.Build.0 = Release|Any CPU
		{E5E96B5B-07AE-47F7-99E1-2302A4FD1898}.Debug|Any CPU.ActiveCfg = Debug|Any CPU
		{E5E96B5B-07AE-47F7-99E1-2302A4FD1898}.Debug|Any CPU.Build.0 = Debug|Any CPU
		{E5E96B5B-07AE-47F7-99E1-2302A4FD1898}.Debug|x64.ActiveCfg = Debug|Any CPU
		{E5E96B5B-07AE-47F7-99E1-2302A4FD1898}.Debug|x64.Build.0 = Debug|Any CPU
		{E5E96B5B-07AE-47F7-99E1-2302A4FD1898}.Debug|x86.ActiveCfg = Debug|Any CPU
		{E5E96B5B-07AE-47F7-99E1-2302A4FD1898}.Debug|x86.Build.0 = Debug|Any CPU
		{E5E96B5B-07AE-47F7-99E1-2302A4FD1898}.Release|Any CPU.ActiveCfg = Release|Any CPU
		{E5E96B5B-07AE-47F7-99E1-2302A4FD1898}.Release|Any CPU.Build.0 = Release|Any CPU
		{E5E96B5B-07AE-47F7-99E1-2302A4FD1898}.Release|x64.ActiveCfg = Release|Any CPU
		{E5E96B5B-07AE-47F7-99E1-2302A4FD1898}.Release|x64.Build.0 = Release|Any CPU
		{E5E96B5B-07AE-47F7-99E1-2302A4FD1898}.Release|x86.ActiveCfg = Release|Any CPU
		{E5E96B5B-07AE-47F7-99E1-2302A4FD1898}.Release|x86.Build.0 = Release|Any CPU
		{57B28981-C60D-4EE7-ADA6-10B64DFF21D7}.Debug|Any CPU.ActiveCfg = Debug|Any CPU
		{57B28981-C60D-4EE7-ADA6-10B64DFF21D7}.Debug|Any CPU.Build.0 = Debug|Any CPU
		{57B28981-C60D-4EE7-ADA6-10B64DFF21D7}.Debug|x64.ActiveCfg = Debug|Any CPU
		{57B28981-C60D-4EE7-ADA6-10B64DFF21D7}.Debug|x64.Build.0 = Debug|Any CPU
		{57B28981-C60D-4EE7-ADA6-10B64DFF21D7}.Debug|x86.ActiveCfg = Debug|Any CPU
		{57B28981-C60D-4EE7-ADA6-10B64DFF21D7}.Debug|x86.Build.0 = Debug|Any CPU
		{57B28981-C60D-4EE7-ADA6-10B64DFF21D7}.Release|Any CPU.ActiveCfg = Release|Any CPU
		{57B28981-C60D-4EE7-ADA6-10B64DFF21D7}.Release|Any CPU.Build.0 = Release|Any CPU
		{57B28981-C60D-4EE7-ADA6-10B64DFF21D7}.Release|x64.ActiveCfg = Release|Any CPU
		{57B28981-C60D-4EE7-ADA6-10B64DFF21D7}.Release|x64.Build.0 = Release|Any CPU
		{57B28981-C60D-4EE7-ADA6-10B64DFF21D7}.Release|x86.ActiveCfg = Release|Any CPU
		{57B28981-C60D-4EE7-ADA6-10B64DFF21D7}.Release|x86.Build.0 = Release|Any CPU
		{E13849E0-42FB-4549-86C1-02838DAD7F5A}.Debug|Any CPU.ActiveCfg = Debug|Any CPU
		{E13849E0-42FB-4549-86C1-02838DAD7F5A}.Debug|Any CPU.Build.0 = Debug|Any CPU
		{E13849E0-42FB-4549-86C1-02838DAD7F5A}.Debug|x64.ActiveCfg = Debug|Any CPU
		{E13849E0-42FB-4549-86C1-02838DAD7F5A}.Debug|x64.Build.0 = Debug|Any CPU
		{E13849E0-42FB-4549-86C1-02838DAD7F5A}.Debug|x86.ActiveCfg = Debug|Any CPU
		{E13849E0-42FB-4549-86C1-02838DAD7F5A}.Debug|x86.Build.0 = Debug|Any CPU
		{E13849E0-42FB-4549-86C1-02838DAD7F5A}.Release|Any CPU.ActiveCfg = Release|Any CPU
		{E13849E0-42FB-4549-86C1-02838DAD7F5A}.Release|Any CPU.Build.0 = Release|Any CPU
		{E13849E0-42FB-4549-86C1-02838DAD7F5A}.Release|x64.ActiveCfg = Release|Any CPU
		{E13849E0-42FB-4549-86C1-02838DAD7F5A}.Release|x64.Build.0 = Release|Any CPU
		{E13849E0-42FB-4549-86C1-02838DAD7F5A}.Release|x86.ActiveCfg = Release|Any CPU
		{E13849E0-42FB-4549-86C1-02838DAD7F5A}.Release|x86.Build.0 = Release|Any CPU
	EndGlobalSection
	GlobalSection(SolutionProperties) = preSolution
		HideSolutionNode = FALSE
	EndGlobalSection
EndGlobal
